
Microsoft Visual Studio Solution File, Format Version 12.00
# Visual Studio 15
VisualStudioVersion = 15.0.28307.1169
MinimumVisualStudioVersion = 10.0.40219.1
Project("{FAE04EC0-301F-11D3-BF4B-00C04F79EFBC}") = "WindowsFormsTimer01", "WindowsFormsTimer01\WindowsFormsTimer01.csproj", "{DCC2367E-34F1-4AA1-8A36-14ED78C079A8}"
EndProject
Global
	GlobalSection(SolutionConfigurationPlatforms) = preSolution
		Debug|Any CPU = Debug|Any CPU
		Release|Any CPU = Release|Any CPU
	EndGlobalSection
	GlobalSection(ProjectConfigurationPlatforms) = postSolution
		{DCC2367E-34F1-4AA1-8A36-14ED78C079A8}.Debug|Any CPU.ActiveCfg = Debug|Any CPU
		{DCC2367E-34F1-4AA1-8A36-14ED78C079A8}.Debug|Any CPU.Build.0 = Debug|Any CPU
		{DCC2367E-34F1-4AA1-8A36-14ED78C079A8}.Release|Any CPU.ActiveCfg = Release|Any CPU
		{DCC2367E-34F1-4AA1-8A36-14ED78C079A8}.Release|Any CPU.Build.0 = Release|Any CPU
	EndGlobalSection
	GlobalSection(SolutionProperties) = preSolution
		HideSolutionNode = FALSE
	EndGlobalSection
	GlobalSection(ExtensibilityGlobals) = postSolution
		SolutionGuid = {5DF0F1F6-F179-46F6-8DD9-B98D7EFCA3E4}
	EndGlobalSection
EndGlobal
